// !$*UTF8*$!
{
	archiveVersion = 1;
	classes = {
	};
	objectVersion = 46;
	objects = {

/* Begin PBXBuildFile section */
		2246EF7A1D51BB610043CECD /* VacationViewController.swift in Sources */ = {isa = PBXBuildFile; fileRef = 2246EF791D51BB610043CECD /* VacationViewController.swift */; };
		2246EF7C1D51BBBB0043CECD /* WebKit.framework in Frameworks */ = {isa = PBXBuildFile; fileRef = 2246EF7B1D51BBBB0043CECD /* WebKit.framework */; };
		22AD133F1D5DBF3800E42F03 /* Localizable.strings in Resources */ = {isa = PBXBuildFile; fileRef = 22AD13411D5DBF3800E42F03 /* Localizable.strings */; };
		22CF9AA61D45A3590074F15A /* ConversionViewController.swift in Sources */ = {isa = PBXBuildFile; fileRef = 22CF9AA51D45A3590074F15A /* ConversionViewController.swift */; };
		22CF9AA81D45EFC40074F15A /* MapKit.framework in Frameworks */ = {isa = PBXBuildFile; fileRef = 22CF9AA71D45EFC40074F15A /* MapKit.framework */; };
		22CF9AB01D45F9670074F15A /* MapViewController.swift in Sources */ = {isa = PBXBuildFile; fileRef = 22CF9AAF1D45F9670074F15A /* MapViewController.swift */; };
		22FF01C51D3C605F00690277 /* AppDelegate.swift in Sources */ = {isa = PBXBuildFile; fileRef = 22FF01C41D3C605F00690277 /* AppDelegate.swift */; };
		22FF01CA1D3C605F00690277 /* Main.storyboard in Resources */ = {isa = PBXBuildFile; fileRef = 22FF01C81D3C605F00690277 /* Main.storyboard */; };
		22FF01CC1D3C605F00690277 /* Assets.xcassets in Resources */ = {isa = PBXBuildFile; fileRef = 22FF01CB1D3C605F00690277 /* Assets.xcassets */; };
		22FF01CF1D3C605F00690277 /* LaunchScreen.storyboard in Resources */ = {isa = PBXBuildFile; fileRef = 22FF01CD1D3C605F00690277 /* LaunchScreen.storyboard */; };
/* End PBXBuildFile section */

/* Begin PBXFileReference section */
		222B51DA1D5DB3F4003A0AEC /* en */ = {isa = PBXFileReference; lastKnownFileType = text.plist.strings; name = en; path = en.lproj/Main.strings; sourceTree = "<group>"; };
		2246EF791D51BB610043CECD /* VacationViewController.swift */ = {isa = PBXFileReference; fileEncoding = 4; lastKnownFileType = sourcecode.swift; path = VacationViewController.swift; sourceTree = "<group>"; };
		2246EF7B1D51BBBB0043CECD /* WebKit.framework */ = {isa = PBXFileReference; lastKnownFileType = wrapper.framework; name = WebKit.framework; path = System/Library/Frameworks/WebKit.framework; sourceTree = SDKROOT; };
		22AD133C1D5DBC6700E42F03 /* es */ = {isa = PBXFileReference; lastKnownFileType = text.plist.strings; name = es; path = es.lproj/Main.strings; sourceTree = "<group>"; };
		22AD13401D5DBF3800E42F03 /* en */ = {isa = PBXFileReference; lastKnownFileType = text.plist.strings; name = en; path = en.lproj/Localizable.strings; sourceTree = "<group>"; };
		22AD13421D5DBF3B00E42F03 /* es */ = {isa = PBXFileReference; lastKnownFileType = text.plist.strings; name = es; path = es.lproj/Localizable.strings; sourceTree = "<group>"; };
		22CF9AA51D45A3590074F15A /* ConversionViewController.swift */ = {isa = PBXFileReference; fileEncoding = 4; lastKnownFileType = sourcecode.swift; path = ConversionViewController.swift; sourceTree = "<group>"; };
		22CF9AA71D45EFC40074F15A /* MapKit.framework */ = {isa = PBXFileReference; lastKnownFileType = wrapper.framework; name = MapKit.framework; path = System/Library/Frameworks/MapKit.framework; sourceTree = SDKROOT; };
		22CF9AAF1D45F9670074F15A /* MapViewController.swift */ = {isa = PBXFileReference; fileEncoding = 4; lastKnownFileType = sourcecode.swift; path = MapViewController.swift; sourceTree = "<group>"; };
		22FF01C11D3C605F00690277 /* WorldTrotter.app */ = {isa = PBXFileReference; explicitFileType = wrapper.application; includeInIndex = 0; path = WorldTrotter.app; sourceTree = BUILT_PRODUCTS_DIR; };
		22FF01C41D3C605F00690277 /* AppDelegate.swift */ = {isa = PBXFileReference; lastKnownFileType = sourcecode.swift; path = AppDelegate.swift; sourceTree = "<group>"; };
		22FF01C91D3C605F00690277 /* Base */ = {isa = PBXFileReference; lastKnownFileType = file.storyboard; name = Base; path = Base.lproj/Main.storyboard; sourceTree = "<group>"; };
		22FF01CB1D3C605F00690277 /* Assets.xcassets */ = {isa = PBXFileReference; lastKnownFileType = folder.assetcatalog; path = Assets.xcassets; sourceTree = "<group>"; };
		22FF01CE1D3C605F00690277 /* Base */ = {isa = PBXFileReference; lastKnownFileType = file.storyboard; name = Base; path = Base.lproj/LaunchScreen.storyboard; sourceTree = "<group>"; };
		22FF01D01D3C605F00690277 /* Info.plist */ = {isa = PBXFileReference; lastKnownFileType = text.plist.xml; path = Info.plist; sourceTree = "<group>"; };
/* End PBXFileReference section */

/* Begin PBXFrameworksBuildPhase section */
		22FF01BE1D3C605F00690277 /* Frameworks */ = {
			isa = PBXFrameworksBuildPhase;
			buildActionMask = 2147483647;
			files = (
				2246EF7C1D51BBBB0043CECD /* WebKit.framework in Frameworks */,
				22CF9AA81D45EFC40074F15A /* MapKit.framework in Frameworks */,
			);
			runOnlyForDeploymentPostprocessing = 0;
		};
/* End PBXFrameworksBuildPhase section */

/* Begin PBXGroup section */
		22FF01B81D3C605F00690277 = {
			isa = PBXGroup;
			children = (
				2246EF7B1D51BBBB0043CECD /* WebKit.framework */,
				22CF9AA71D45EFC40074F15A /* MapKit.framework */,
				22FF01C31D3C605F00690277 /* WorldTrotter */,
				22FF01C21D3C605F00690277 /* Products */,
			);
			sourceTree = "<group>";
		};
		22FF01C21D3C605F00690277 /* Products */ = {
			isa = PBXGroup;
			children = (
				22FF01C11D3C605F00690277 /* WorldTrotter.app */,
			);
			name = Products;
			sourceTree = "<group>";
		};
		22FF01C31D3C605F00690277 /* WorldTrotter */ = {
			isa = PBXGroup;
			children = (
				22CF9AAF1D45F9670074F15A /* MapViewController.swift */,
				22FF01C41D3C605F00690277 /* AppDelegate.swift */,
				22CF9AA51D45A3590074F15A /* ConversionViewController.swift */,
				2246EF791D51BB610043CECD /* VacationViewController.swift */,
				22AD13411D5DBF3800E42F03 /* Localizable.strings */,
				22FF01C81D3C605F00690277 /* Main.storyboard */,
				22FF01CB1D3C605F00690277 /* Assets.xcassets */,
				22FF01CD1D3C605F00690277 /* LaunchScreen.storyboard */,
				22FF01D01D3C605F00690277 /* Info.plist */,
			);
			path = WorldTrotter;
			sourceTree = "<group>";
		};
/* End PBXGroup section */

/* Begin PBXNativeTarget section */
		22FF01C01D3C605F00690277 /* WorldTrotter */ = {
			isa = PBXNativeTarget;
			buildConfigurationList = 22FF01D31D3C605F00690277 /* Build configuration list for PBXNativeTarget "WorldTrotter" */;
			buildPhases = (
				22FF01BD1D3C605F00690277 /* Sources */,
				22FF01BE1D3C605F00690277 /* Frameworks */,
				22FF01BF1D3C605F00690277 /* Resources */,
			);
			buildRules = (
			);
			dependencies = (
			);
			name = WorldTrotter;
			productName = WorldTrotter;
			productReference = 22FF01C11D3C605F00690277 /* WorldTrotter.app */;
			productType = "com.apple.product-type.application";
		};
/* End PBXNativeTarget section */

/* Begin PBXProject section */
		22FF01B91D3C605F00690277 /* Project object */ = {
			isa = PBXProject;
			attributes = {
				LastSwiftUpdateCheck = 0730;
				LastUpgradeCheck = 0730;
				ORGANIZATIONNAME = "Sam Lee";
				TargetAttributes = {
					22FF01C01D3C605F00690277 = {
						CreatedOnToolsVersion = 7.3.1;
					};
				};
			};
			buildConfigurationList = 22FF01BC1D3C605F00690277 /* Build configuration list for PBXProject "WorldTrotter" */;
			compatibilityVersion = "Xcode 3.2";
			developmentRegion = English;
			hasScannedForEncodings = 0;
			knownRegions = (
				en,
				Base,
				es,
			);
			mainGroup = 22FF01B81D3C605F00690277;
			productRefGroup = 22FF01C21D3C605F00690277 /* Products */;
			projectDirPath = "";
			projectRoot = "";
			targets = (
				22FF01C01D3C605F00690277 /* WorldTrotter */,
			);
		};
/* End PBXProject section */

/* Begin PBXResourcesBuildPhase section */
		22FF01BF1D3C605F00690277 /* Resources */ = {
			isa = PBXResourcesBuildPhase;
			buildActionMask = 2147483647;
			files = (
				22FF01CF1D3C605F00690277 /* LaunchScreen.storyboard in Resources */,
				22AD133F1D5DBF3800E42F03 /* Localizable.strings in Resources */,
				22FF01CC1D3C605F00690277 /* Assets.xcassets in Resources */,
				22FF01CA1D3C605F00690277 /* Main.storyboard in Resources */,
			);
			runOnlyForDeploymentPostprocessing = 0;
		};
/* End PBXResourcesBuildPhase section */

/* Begin PBXSourcesBuildPhase section */
		22FF01BD1D3C605F00690277 /* Sources */ = {
			isa = PBXSourcesBuildPhase;
			buildActionMask = 2147483647;
			files = (
				22CF9AA61D45A3590074F15A /* ConversionViewController.swift in Sources */,
				22CF9AB01D45F9670074F15A /* MapViewController.swift in Sources */,
				22FF01C51D3C605F00690277 /* AppDelegate.swift in Sources */,
				2246EF7A1D51BB610043CECD /* VacationViewController.swift in Sources */,
			);
			runOnlyForDeploymentPostprocessing = 0;
		};
/* End PBXSourcesBuildPhase section */

/* Begin PBXVariantGroup section */
		22AD13411D5DBF3800E42F03 /* Localizable.strings */ = {
			isa = PBXVariantGroup;
			children = (
				22AD13401D5DBF3800E42F03 /* en */,
				22AD13421D5DBF3B00E42F03 /* es */,
			);
			name = Localizable.strings;
			sourceTree = "<group>";
		};
		22FF01C81D3C605F00690277 /* Main.storyboard */ = {
			isa = PBXVariantGroup;
			children = (
				22FF01C91D3C605F00690277 /* Base */,
				222B51DA1D5DB3F4003A0AEC /* en */,
				22AD133C1D5DBC6700E42F03 /* es */,
			);
			name = Main.storyboard;
			sourceTree = "<group>";
		};
		22FF01CD1D3C605F00690277 /* LaunchScreen.storyboard */ = {
			isa = PBXVariantGroup;
			children = (
				22FF01CE1D3C605F00690277 /* Base */,
			);
			name = LaunchScreen.storyboard;
			sourceTree = "<group>";
		};
/* End PBXVariantGroup section */

/* Begin XCBuildConfiguration section */
		22FF01D11D3C605F00690277 /* Debug */ = {
			isa = XCBuildConfiguration;
			buildSettings = {
				ALWAYS_SEARCH_USER_PATHS = NO;
				CLANG_ANALYZER_NONNULL = YES;
				CLANG_CXX_LANGUAGE_STANDARD = "gnu++0x";
				CLANG_CXX_LIBRARY = "libc++";
				CLANG_ENABLE_MODULES = YES;
				CLANG_ENABLE_OBJC_ARC = YES;
				CLANG_WARN_BOOL_CONVERSION = YES;
				CLANG_WARN_CONSTANT_CONVERSION = YES;
				CLANG_WARN_DIRECT_OBJC_ISA_USAGE = YES_ERROR;
				CLANG_WARN_EMPTY_BODY = YES;
				CLANG_WARN_ENUM_CONVERSION = YES;
				CLANG_WARN_INT_CONVERSION = YES;
				CLANG_WARN_OBJC_ROOT_CLASS = YES_ERROR;
				CLANG_WARN_UNREACHABLE_CODE = YES;
				CLANG_WARN__DUPLICATE_METHOD_MATCH = YES;
				"CODE_SIGN_IDENTITY[sdk=iphoneos*]" = "iPhone Developer";
				COPY_PHASE_STRIP = NO;
				DEBUG_INFORMATION_FORMAT = dwarf;
				ENABLE_STRICT_OBJC_MSGSEND = YES;
				ENABLE_TESTABILITY = YES;
				GCC_C_LANGUAGE_STANDARD = gnu99;
				GCC_DYNAMIC_NO_PIC = NO;
				GCC_NO_COMMON_BLOCKS = YES;
				GCC_OPTIMIZATION_LEVEL = 0;
				GCC_PREPROCESSOR_DEFINITIONS = (
					"DEBUG=1",
					"$(inherited)",
				);
				GCC_WARN_64_TO_32_BIT_CONVERSION = YES;
				GCC_WARN_ABOUT_RETURN_TYPE = YES_ERROR;
				GCC_WARN_UNDECLARED_SELECTOR = YES;
				GCC_WARN_UNINITIALIZED_AUTOS = YES_AGGRESSIVE;
				GCC_WARN_UNUSED_FUNCTION = YES;
				GCC_WARN_UNUSED_VARIABLE = YES;
				IPHONEOS_DEPLOYMENT_TARGET = 9.3;
				MTL_ENABLE_DEBUG_INFO = YES;
				ONLY_ACTIVE_ARCH = YES;
				SDKROOT = iphoneos;
				SWIFT_OPTIMIZATION_LEVEL = "-Onone";
			};
			name = Debug;
		};
		22FF01D21D3C605F00690277 /* Release */ = {
			isa = XCBuildConfiguration;
			buildSettings = {
				ALWAYS_SEARCH_USER_PATHS = NO;
				CLANG_ANALYZER_NONNULL = YES;
				CLANG_CXX_LANGUAGE_STANDARD = "gnu++0x";
				CLANG_CXX_LIBRARY = "libc++";
				CLANG_ENABLE_MODULES = YES;
				CLANG_ENABLE_OBJC_ARC = YES;
				CLANG_WARN_BOOL_CONVERSION = YES;
				CLANG_WARN_CONSTANT_CONVERSION = YES;
				CLANG_WARN_DIRECT_OBJC_ISA_USAGE = YES_ERROR;
				CLANG_WARN_EMPTY_BODY = YES;
				CLANG_WARN_ENUM_CONVERSION = YES;
				CLANG_WARN_INT_CONVERSION = YES;
				CLANG_WARN_OBJC_ROOT_CLASS = YES_ERROR;
				CLANG_WARN_UNREACHABLE_CODE = YES;
				CLANG_WARN__DUPLICATE_METHOD_MATCH = YES;
				"CODE_SIGN_IDENTITY[sdk=iphoneos*]" = "iPhone Developer";
				COPY_PHASE_STRIP = NO;
				DEBUG_INFORMATION_FORMAT = "dwarf-with-dsym";
				ENABLE_NS_ASSERTIONS = NO;
				ENABLE_STRICT_OBJC_MSGSEND = YES;
				GCC_C_LANGUAGE_STANDARD = gnu99;
				GCC_NO_COMMON_BLOCKS = YES;
				GCC_WARN_64_TO_32_BIT_CONVERSION = YES;
				GCC_WARN_ABOUT_RETURN_TYPE = YES_ERROR;
				GCC_WARN_UNDECLARED_SELECTOR = YES;
				GCC_WARN_UNINITIALIZED_AUTOS = YES_AGGRESSIVE;
				GCC_WARN_UNUSED_FUNCTION = YES;
				GCC_WARN_UNUSED_VARIABLE = YES;
				IPHONEOS_DEPLOYMENT_TARGET = 9.3;
				MTL_ENABLE_DEBUG_INFO = NO;
				SDKROOT = iphoneos;
				VALIDATE_PRODUCT = YES;
			};
			name = Release;
		};
		22FF01D41D3C605F00690277 /* Debug */ = {
			isa = XCBuildConfiguration;
			buildSettings = {
				ASSETCATALOG_COMPILER_APPICON_NAME = AppIcon;
				INFOPLIST_FILE = WorldTrotter/Info.plist;
				LD_RUNPATH_SEARCH_PATHS = "$(inherited) @executable_path/Frameworks";
				PRODUCT_BUNDLE_IDENTIFIER = com.sle7.ios.WorldTrotter;
				PRODUCT_NAME = "$(TARGET_NAME)";
			};
			name = Debug;
		};
		22FF01D51D3C605F00690277 /* Release */ = {
			isa = XCBuildConfiguration;
			buildSettings = {
				ASSETCATALOG_COMPILER_APPICON_NAME = AppIcon;
				INFOPLIST_FILE = WorldTrotter/Info.plist;
				LD_RUNPATH_SEARCH_PATHS = "$(inherited) @executable_path/Frameworks";
				PRODUCT_BUNDLE_IDENTIFIER = com.sle7.ios.WorldTrotter;
				PRODUCT_NAME = "$(TARGET_NAME)";
			};
			name = Release;
		};
/* End XCBuildConfiguration section */

/* Begin XCConfigurationList section */
		22FF01BC1D3C605F00690277 /* Build configuration list for PBXProject "WorldTrotter" */ = {
			isa = XCConfigurationList;
			buildConfigurations = (
				22FF01D11D3C605F00690277 /* Debug */,
				22FF01D21D3C605F00690277 /* Release */,
			);
			defaultConfigurationIsVisible = 0;
			defaultConfigurationName = Release;
		};
		22FF01D31D3C605F00690277 /* Build configuration list for PBXNativeTarget "WorldTrotter" */ = {
			isa = XCConfigurationList;
			buildConfigurations = (
				22FF01D41D3C605F00690277 /* Debug */,
				22FF01D51D3C605F00690277 /* Release */,
			);
			defaultConfigurationIsVisible = 0;
			defaultConfigurationName = Release;
		};
/* End XCConfigurationList section */
	};
	rootObject = 22FF01B91D3C605F00690277 /* Project object */;
}
